<?xml version="1.0" encoding="utf-8"?>
<Project ToolsVersion="4.0" xmlns="http://schemas.microsoft.com/developer/msbuild/2003">
  <ItemGroup>
    <Filter Include="Source Files">
      <UniqueIdentifier>{745ed817-64c8-469a-ba12-4365c8ad3c3f}</UniqueIdentifier>
      <Extensions>cpp;c;cxx;rc;def;r;odl;idl;hpj;bat</Extensions>
    </Filter>
    <Filter Include="Header Files">
      <UniqueIdentifier>{507ff11a-5856-4890-8abb-5fd9ccdb1dbe}</UniqueIdentifier>
      <Extensions>h;hpp;hxx;hm;inl</Extensions>
    </Filter>
    <Filter Include="Resource Files">
      <UniqueIdentifier>{a215a95a-02a7-4c9c-8db2-2fdd759a1bd0}</UniqueIdentifier>
      <Extensions>ico;cur;bmp;dlg;rc2;rct;bin;cnt;rtf;gif;jpg;jpeg;jpe</Extensions>
    </Filter>
    <Filter Include="Help Files">
      <UniqueIdentifier>{82a04553-2715-4109-bf76-42c57fde5ecc}</UniqueIdentifier>
    </Filter>
  </ItemGroup>
  <ItemGroup>
    <ClCompile Include="Board.cpp">
      <Filter>Source Files</Filter>
    </ClCompile>
    <ClCompile Include="Card.cpp">
      <Filter>Source Files</Filter>
    </ClCompile>
    <ClCompile Include="ChildFrm.cpp">
      <Filter>Source Files</Filter>
    </ClCompile>
    <ClCompile Include="DlgGameInit.cpp">
      <Filter>Source Files</Filter>
    </ClCompile>
    <ClCompile Include="DlgPlayerInit.cpp">
      <Filter>Source Files</Filter>
    </ClCompile>
    <ClCompile Include="Game.cpp">
      <Filter>Source Files</Filter>
    </ClCompile>
    <ClCompile Include="MainFrm.cpp">
      <Filter>Source Files</Filter>
    </ClCompile>
    <ClCompile Include="Player.cpp">
      <Filter>Source Files</Filter>
    </ClCompile>
    <ClCompile Include="Rnd.cpp">
      <Filter>Source Files</Filter>
    </ClCompile>
    <ClCompile Include="RoboRally.cpp">
      <Filter>Source Files</Filter>
    </ClCompile>
    <ClCompile Include="RoboRallyDoc.cpp">
      <Filter>Source Files</Filter>
    </ClCompile>
    <ClCompile Include="RoboRallyView.cpp">
      <Filter>Source Files</Filter>
    </ClCompile>
    <ClCompile Include="StdAfx.cpp">
      <Filter>Source Files</Filter>
    </ClCompile>
    <ClCompile Include="Tile.cpp">
      <Filter>Source Files</Filter>
    </ClCompile>
  </ItemGroup>
  <ItemGroup>
    <ResourceCompile Include="RoboRally.rc">
      <Filter>Source Files</Filter>
    </ResourceCompile>
  </ItemGroup>
  <ItemGroup>
    <ClInclude Include="Board.h">
      <Filter>Header Files</Filter>
    </ClInclude>
    <ClInclude Include="Card.h">
      <Filter>Header Files</Filter>
    </ClInclude>
    <ClInclude Include="ChildFrm.h">
      <Filter>Header Files</Filter>
    </ClInclude>
    <ClInclude Include="DlgGameInit.h">
      <Filter>Header Files</Filter>
    </ClInclude>
    <ClInclude Include="DlgPlayerInit.h">
      <Filter>Header Files</Filter>
    </ClInclude>
    <ClInclude Include="Forward.h">
      <Filter>Header Files</Filter>
    </ClInclude>
    <ClInclude Include="Game.h">
      <Filter>Header Files</Filter>
    </ClInclude>
    <ClInclude Include="MainFrm.h">
      <Filter>Header Files</Filter>
    </ClInclude>
    <ClInclude Include="Option.h">
      <Filter>Header Files</Filter>
    </ClInclude>
    <ClInclude Include="Player.h">
      <Filter>Header Files</Filter>
    </ClInclude>
    <ClInclude Include="Resource.h">
      <Filter>Header Files</Filter>
    </ClInclude>
    <ClInclude Include="Rnd.h">
      <Filter>Header Files</Filter>
    </ClInclude>
    <ClInclude Include="RoboRally.h">
      <Filter>Header Files</Filter>
    </ClInclude>
    <ClInclude Include="RoboRallyDoc.h">
      <Filter>Header Files</Filter>
    </ClInclude>
    <ClInclude Include="RoboRallyView.h">
      <Filter>Header Files</Filter>
    </ClInclude>
    <ClInclude Include="StdAfx.h">
      <Filter>Header Files</Filter>
    </ClInclude>
    <ClInclude Include="Tile.h">
      <Filter>Header Files</Filter>
    </ClInclude>
  </ItemGroup>
  <ItemGroup>
    <Image Include="res\mainfram.bmp">
      <Filter>Resource Files</Filter>
    </Image>
    <Image Include="res\RoboRally.ico">
      <Filter>Resource Files</Filter>
    </Image>
    <Image Include="res\RoboRallyDoc.ico">
      <Filter>Resource Files</Filter>
    </Image>
    <Image Include="res\Toolbar.bmp">
      <Filter>Resource Files</Filter>
    </Image>
    <Image Include="hlp\AppExit.bmp">
      <Filter>Help Files</Filter>
    </Image>
    <Image Include="hlp\Bullet.bmp">
      <Filter>Help Files</Filter>
    </Image>
    <Image Include="hlp\CurArw2.bmp">
      <Filter>Help Files</Filter>
    </Image>
    <Image Include="hlp\CurArw4.bmp">
      <Filter>Help Files</Filter>
    </Image>
    <Image Include="hlp\CurHelp.bmp">
      <Filter>Help Files</Filter>
    </Image>
    <Image Include="hlp\EditCopy.bmp">
      <Filter>Help Files</Filter>
    </Image>
    <Image Include="hlp\EditCut.bmp">
      <Filter>Help Files</Filter>
    </Image>
    <Image Include="hlp\EditPast.bmp">
      <Filter>Help Files</Filter>
    </Image>
    <Image Include="hlp\EditUndo.bmp">
      <Filter>Help Files</Filter>
    </Image>
    <Image Include="hlp\FileNew.bmp">
      <Filter>Help Files</Filter>
    </Image>
    <Image Include="hlp\FileOpen.bmp">
      <Filter>Help Files</Filter>
    </Image>
    <Image Include="hlp\FilePrnt.bmp">
      <Filter>Help Files</Filter>
    </Image>
    <Image Include="hlp\FileSave.bmp">
      <Filter>Help Files</Filter>
    </Image>
    <Image Include="hlp\HlpSBar.bmp">
      <Filter>Help Files</Filter>
    </Image>
    <Image Include="hlp\HlpTBar.bmp">
      <Filter>Help Files</Filter>
    </Image>
    <Image Include="hlp\RecFirst.bmp">
      <Filter>Help Files</Filter>
    </Image>
    <Image Include="hlp\RecLast.bmp">
      <Filter>Help Files</Filter>
    </Image>
    <Image Include="hlp\RecNext.bmp">
      <Filter>Help Files</Filter>
    </Image>
    <Image Include="hlp\RecPrev.bmp">
      <Filter>Help Files</Filter>
    </Image>
    <Image Include="hlp\Scmax.bmp">
      <Filter>Help Files</Filter>
    </Image>
    <Image Include="hlp\ScMenu.bmp">
      <Filter>Help Files</Filter>
    </Image>
    <Image Include="hlp\Scmin.bmp">
      <Filter>Help Files</Filter>
    </Image>
  </ItemGroup>
  <ItemGroup>
    <Text Include="ReadMe.txt" />
  </ItemGroup>
  <ItemGroup>
    <CustomBuild Include="hlp\RoboRally.hpj">
      <Filter>Source Files</Filter>
    </CustomBuild>
    <CustomBuild Include="res\RoboRally.rc2">
      <Filter>Resource Files</Filter>
    </CustomBuild>
    <CustomBuild Include="hlp\AfxCore.rtf">
      <Filter>Help Files</Filter>
    </CustomBuild>
    <CustomBuild Include="hlp\AfxPrint.rtf">
      <Filter>Help Files</Filter>
    </CustomBuild>
    <CustomBuild Include="MakeHelp.bat">
      <Filter>Help Files</Filter>
    </CustomBuild>
    <CustomBuild Include="hlp\RoboRally.cnt">
      <Filter>Help Files</Filter>
    </CustomBuild>
    <CustomBuild Include="RoboRally.reg" />
  </ItemGroup>
</Project>